
Microsoft Visual Studio Solution File, Format Version 12.00
# Visual Studio Version 16
VisualStudioVersion = 16.0.31515.178
MinimumVisualStudioVersion = 10.0.40219.1
Project("{9092AA53-FB77-4645-B42D-1CCCA6BD08BD}") = "lpg2ts", "lpg2ts.njsproj", "{00A67DD6-0131-4F50-A5FB-0887FE70BF94}"
EndProject
Global
	GlobalSection(SolutionConfigurationPlatforms) = preSolution
		Debug|Any CPU = Debug|Any CPU
		Release|Any CPU = Release|Any CPU
	EndGlobalSection
	GlobalSection(ProjectConfigurationPlatforms) = postSolution
		{00A67DD6-0131-4F50-A5FB-0887FE70BF94}.Debug|Any CPU.ActiveCfg = Debug|Any CPU
		{00A67DD6-0131-4F50-A5FB-0887FE70BF94}.Debug|Any CPU.Build.0 = Debug|Any CPU
		{00A67DD6-0131-4F50-A5FB-0887FE70BF94}.Release|Any CPU.ActiveCfg = Release|Any CPU
		{00A67DD6-0131-4F50-A5FB-0887FE70BF94}.Release|Any CPU.Build.0 = Release|Any CPU
	EndGlobalSection
	GlobalSection(SolutionProperties) = preSolution
		HideSolutionNode = FALSE
	EndGlobalSection
	GlobalSection(ExtensibilityGlobals) = postSolution
		SolutionGuid = {7B4E62C1-2560-4A0F-AE65-2F1ED2839B85}
	EndGlobalSection
EndGlobal
